
Microsoft Visual Studio Solution File, Format Version 12.00
# Visual Studio 2015
Project("{FAE04EC0-301F-11D3-BF4B-00C04F79EFBC}") = "Louis Room.Plugins", "Louis Room.Plugins.csproj", "{78A2DB01-F6A2-D211-3D77-CB94EF1F1677}"
EndProject
Project("{FAE04EC0-301F-11D3-BF4B-00C04F79EFBC}") = "Louis Room", "Louis Room.csproj", "{9F3A9EA8-060C-5E1D-4F47-E811184E16B9}"
EndProject
Project("{FAE04EC0-301F-11D3-BF4B-00C04F79EFBC}") = "Louis Room.Editor.Plugins", "Louis Room.Editor.Plugins.csproj", "{E30463E7-00B9-96BA-FB1C-433157E82F3F}"
EndProject
Global
	GlobalSection(SolutionConfigurationPlatforms) = preSolution
		Debug|Any CPU = Debug|Any CPU
		Release|Any CPU = Release|Any CPU
	EndGlobalSection
	GlobalSection(ProjectConfigurationPlatforms) = postSolution
		{78A2DB01-F6A2-D211-3D77-CB94EF1F1677}.Debug|Any CPU.ActiveCfg = Debug|Any CPU
		{78A2DB01-F6A2-D211-3D77-CB94EF1F1677}.Debug|Any CPU.Build.0 = Debug|Any CPU
		{78A2DB01-F6A2-D211-3D77-CB94EF1F1677}.Release|Any CPU.ActiveCfg = Release|Any CPU
		{78A2DB01-F6A2-D211-3D77-CB94EF1F1677}.Release|Any CPU.Build.0 = Release|Any CPU
		{9F3A9EA8-060C-5E1D-4F47-E811184E16B9}.Debug|Any CPU.ActiveCfg = Debug|Any CPU
		{9F3A9EA8-060C-5E1D-4F47-E811184E16B9}.Debug|Any CPU.Build.0 = Debug|Any CPU
		{9F3A9EA8-060C-5E1D-4F47-E811184E16B9}.Release|Any CPU.ActiveCfg = Release|Any CPU
		{9F3A9EA8-060C-5E1D-4F47-E811184E16B9}.Release|Any CPU.Build.0 = Release|Any CPU
		{E30463E7-00B9-96BA-FB1C-433157E82F3F}.Debug|Any CPU.ActiveCfg = Debug|Any CPU
		{E30463E7-00B9-96BA-FB1C-433157E82F3F}.Debug|Any CPU.Build.0 = Debug|Any CPU
		{E30463E7-00B9-96BA-FB1C-433157E82F3F}.Release|Any CPU.ActiveCfg = Release|Any CPU
		{E30463E7-00B9-96BA-FB1C-433157E82F3F}.Release|Any CPU.Build.0 = Release|Any CPU
	EndGlobalSection
	GlobalSection(SolutionProperties) = preSolution
		HideSolutionNode = FALSE
	EndGlobalSection
EndGlobal
