
Microsoft Visual Studio Solution File, Format Version 12.00
# Visual Studio 2015
Project("{FAE04EC0-301F-11D3-BF4B-00C04F79EFBC}") = "Lucy's Room.Plugins", "Lucy's Room.Plugins.csproj", "{87EA69CD-7383-767A-C713-9074EB0E884B}"
EndProject
Project("{FAE04EC0-301F-11D3-BF4B-00C04F79EFBC}") = "Lucy's Room", "Lucy's Room.csproj", "{6392FE12-B5A8-12CB-8479-52381F794F5A}"
EndProject
Project("{FAE04EC0-301F-11D3-BF4B-00C04F79EFBC}") = "Lucy's Room.Editor.Plugins", "Lucy's Room.Editor.Plugins.csproj", "{FA30991A-7E6C-251D-3A35-953598FD67BB}"
EndProject
Global
	GlobalSection(SolutionConfigurationPlatforms) = preSolution
		Debug|Any CPU = Debug|Any CPU
		Release|Any CPU = Release|Any CPU
	EndGlobalSection
	GlobalSection(ProjectConfigurationPlatforms) = postSolution
		{87EA69CD-7383-767A-C713-9074EB0E884B}.Debug|Any CPU.ActiveCfg = Debug|Any CPU
		{87EA69CD-7383-767A-C713-9074EB0E884B}.Debug|Any CPU.Build.0 = Debug|Any CPU
		{87EA69CD-7383-767A-C713-9074EB0E884B}.Release|Any CPU.ActiveCfg = Release|Any CPU
		{87EA69CD-7383-767A-C713-9074EB0E884B}.Release|Any CPU.Build.0 = Release|Any CPU
		{6392FE12-B5A8-12CB-8479-52381F794F5A}.Debug|Any CPU.ActiveCfg = Debug|Any CPU
		{6392FE12-B5A8-12CB-8479-52381F794F5A}.Debug|Any CPU.Build.0 = Debug|Any CPU
		{6392FE12-B5A8-12CB-8479-52381F794F5A}.Release|Any CPU.ActiveCfg = Release|Any CPU
		{6392FE12-B5A8-12CB-8479-52381F794F5A}.Release|Any CPU.Build.0 = Release|Any CPU
		{FA30991A-7E6C-251D-3A35-953598FD67BB}.Debug|Any CPU.ActiveCfg = Debug|Any CPU
		{FA30991A-7E6C-251D-3A35-953598FD67BB}.Debug|Any CPU.Build.0 = Debug|Any CPU
		{FA30991A-7E6C-251D-3A35-953598FD67BB}.Release|Any CPU.ActiveCfg = Release|Any CPU
		{FA30991A-7E6C-251D-3A35-953598FD67BB}.Release|Any CPU.Build.0 = Release|Any CPU
	EndGlobalSection
	GlobalSection(SolutionProperties) = preSolution
		HideSolutionNode = FALSE
	EndGlobalSection
EndGlobal
